
Microsoft Visual Studio Solution File, Format Version 10.00
# Visual C# Express 2008
Project("{FAE04EC0-301F-11D3-BF4B-00C04F79EFBC}") = "RovioLib", "RovioLib.csproj", "{AE5FB02E-8519-482E-BE92-9092EE8C916D}"
EndProject
Global
	GlobalSection(SolutionConfigurationPlatforms) = preSolution
		Debug|Any CPU = Debug|Any CPU
		Release|Any CPU = Release|Any CPU
	EndGlobalSection
	GlobalSection(ProjectConfigurationPlatforms) = postSolution
		{AE5FB02E-8519-482E-BE92-9092EE8C916D}.Debug|Any CPU.ActiveCfg = Debug|Any CPU
		{AE5FB02E-8519-482E-BE92-9092EE8C916D}.Debug|Any CPU.Build.0 = Debug|Any CPU
		{AE5FB02E-8519-482E-BE92-9092EE8C916D}.Release|Any CPU.ActiveCfg = Release|Any CPU
		{AE5FB02E-8519-482E-BE92-9092EE8C916D}.Release|Any CPU.Build.0 = Release|Any CPU
	EndGlobalSection
	GlobalSection(SolutionProperties) = preSolution
		HideSolutionNode = FALSE
	EndGlobalSection
EndGlobal
